{
  "version": 4,
  "terraform_version": "1.0.5",
  "serial": 3,
  "lineage": "7759c6a9-f10c-f274-5ba8-4d19444e39b4",
  "outputs": {},
  "resources": [
    {
      "mode": "managed",
      "type": "linode_instance",
      "name": "terraform-web",
      "provider": "provider[\"registry.terraform.io/linode/linode\"]",
      "instances": [
        {
          "schema_version": 0,
          "attributes": {
            "alerts": [
              {
                "cpu": 90,
                "io": 10000,
                "network_in": 10,
                "network_out": 10,
                "transfer_quota": 80
              }
            ],
            "authorized_keys": [
              "ssh-rsa AAAAB3NzaC1yc2EAAAADAQABAAABgQDfCTgLytFOu89uEG/jzQU7ZkG3eW75X+w8bIJLrlDDdpsrnj9y5EhY7fBr3fNEC9TQwCPgUZrmOtsknXH7CPlk7G8V3I+PqY7KZWq8qZM99YRBeUbFeC5AwXogvH4Nz47RmY2rF5LA7/x/jkkU1d1SnHES7rLyrB8u7jhwUQpp/URh+Beq7MetKRnd3LSJ5a5UJUPM/U67FTEPgwNWd/XwgnzCv7Pg8FQNGKUdxVLD5B/QHtXy1BNiX5v07BCiv1KvPhIREv7VnwjOkslhnLD16xIBbE9e2wCtTGKW3gpL3/8ln13uxlbhvWq/bEYGywhCxCDOVI92TySe8YtWE9WN8XAaZNrC66QqtRztX14KLdSHLLjTPXhmaGm8/13RlDFStNilERxqVaI0HkQ0Q/wEj1nJyjL6KQqMMZjuIe5r2Pcco6MVo0ks5oNRfIYcTKWRZritJh0gedg6oQH1K3BU6Gc/cxV1diWxzoOgGpypmN0AjKHLXW8Wj5f83bmhaDE= root@kali"
            ],
            "authorized_users": null,
            "backup_id": null,
            "backups": [
              {
                "enabled": false,
                "schedule": [
                  {
                    "day": "",
                    "window": ""
                  }
                ]
              }
            ],
            "backups_enabled": null,
            "boot_config_label": "My Ubuntu 18.04 LTS Disk Profile",
            "config": [
              {
                "comments": "",
                "devices": [
                  {
                    "sda": [
                      {
                        "disk_id": 60163325,
                        "disk_label": "Ubuntu 18.04 LTS Disk",
                        "volume_id": 0
                      }
                    ],
                    "sdb": [
                      {
                        "disk_id": 60163326,
                        "disk_label": "512 MB Swap Image",
                        "volume_id": 0
                      }
                    ],
                    "sdc": [],
                    "sdd": [],
                    "sde": [],
                    "sdf": [],
                    "sdg": [],
                    "sdh": []
                  }
                ],
                "helpers": [
                  {
                    "devtmpfs_automount": true,
                    "distro": true,
                    "modules_dep": true,
                    "network": true,
                    "updatedb_disabled": true
                  }
                ],
                "kernel": "linode/grub2",
                "label": "My Ubuntu 18.04 LTS Disk Profile",
                "memory_limit": 0,
                "root_device": "/dev/sda",
                "run_level": "default",
                "virt_mode": "paravirt"
              }
            ],
            "disk": [
              {
                "authorized_keys": [],
                "authorized_users": [],
                "filesystem": "ext4",
                "id": 60163325,
                "image": "",
                "label": "Ubuntu 18.04 LTS Disk",
                "read_only": false,
                "root_pass": "",
                "size": 50688,
                "stackscript_data": {},
                "stackscript_id": 0
              },
              {
                "authorized_keys": [],
                "authorized_users": [],
                "filesystem": "swap",
                "id": 60163326,
                "image": "",
                "label": "512 MB Swap Image",
                "read_only": false,
                "root_pass": "",
                "size": 512,
                "stackscript_data": {},
                "stackscript_id": 0
              }
            ],
            "group": "Terraform",
            "id": "29796405",
            "image": "linode/ubuntu18.04",
            "ip_address": "69.164.219.7",
            "ipv4": [
              "69.164.219.7"
            ],
            "ipv6": "2600:3c03::f03c:92ff:fe4b:a8b4/128",
            "label": "Terraform-Web-Example",
            "private_ip": false,
            "private_ip_address": null,
            "region": "us-east",
            "root_pass": "hDqAJFfgK6NxQn+FNFxOg1WcACMJzQAEi+tBFfx+sOaJ+E6jCXHk7PXXbMihb/hT/gxM787qImdkoOA5mMbKug==",
            "specs": [
              {
                "disk": 51200,
                "memory": 2048,
                "transfer": 2000,
                "vcpus": 1
              }
            ],
            "stackscript_data": null,
            "stackscript_id": null,
            "status": "running",
            "swap_size": 512,
            "tags": null,
            "timeouts": null,
            "type": "g6-standard-1",
            "watchdog_enabled": true
          },
          "sensitive_attributes": [],
          "private": "eyJlMmJmYjczMC1lY2FhLTExZTYtOGY4OC0zNDM2M2JjN2M0YzAiOnsiY3JlYXRlIjo2MDAwMDAwMDAwMDAsImRlbGV0ZSI6NjAwMDAwMDAwMDAwLCJ1cGRhdGUiOjEyMDAwMDAwMDAwMDB9fQ=="
        }
      ]
    }
  ]
}
